// !$*UTF8*$!
{
	archiveVersion = 1;
	classes = {
	};
	objectVersion = 50;
	objects = {

/* Begin PBXBuildFile section */
		0922D26C26FB6E0E0041C0F8 /* AppDelegate.swift in Sources */ = {isa = PBXBuildFile; fileRef = 0922D26B26FB6E0E0041C0F8 /* AppDelegate.swift */; };
		0922D26E26FB6E0E0041C0F8 /* SceneDelegate.swift in Sources */ = {isa = PBXBuildFile; fileRef = 0922D26D26FB6E0E0041C0F8 /* SceneDelegate.swift */; };
		0922D27026FB6E0E0041C0F8 /* ViewController.swift in Sources */ = {isa = PBXBuildFile; fileRef = 0922D26F26FB6E0E0041C0F8 /* ViewController.swift */; };
		0922D27326FB6E0E0041C0F8 /* Main.storyboard in Resources */ = {isa = PBXBuildFile; fileRef = 0922D27126FB6E0E0041C0F8 /* Main.storyboard */; };
		0922D27526FB6E0F0041C0F8 /* Assets.xcassets in Resources */ = {isa = PBXBuildFile; fileRef = 0922D27426FB6E0F0041C0F8 /* Assets.xcassets */; };
		0922D27826FB6E0F0041C0F8 /* LaunchScreen.storyboard in Resources */ = {isa = PBXBuildFile; fileRef = 0922D27626FB6E0F0041C0F8 /* LaunchScreen.storyboard */; };
		0922D28326FB6E0F0041C0F8 /* GitClientTests.swift in Sources */ = {isa = PBXBuildFile; fileRef = 0922D28226FB6E0F0041C0F8 /* GitClientTests.swift */; };
		0922D28E26FB6E0F0041C0F8 /* GitClientUITests.swift in Sources */ = {isa = PBXBuildFile; fileRef = 0922D28D26FB6E0F0041C0F8 /* GitClientUITests.swift */; };
/* End PBXBuildFile section */

/* Begin PBXContainerItemProxy section */
		0922D27F26FB6E0F0041C0F8 /* PBXContainerItemProxy */ = {
			isa = PBXContainerItemProxy;
			containerPortal = 0922D26026FB6E0E0041C0F8 /* Project object */;
			proxyType = 1;
			remoteGlobalIDString = 0922D26726FB6E0E0041C0F8;
			remoteInfo = GitClient;
		};
		0922D28A26FB6E0F0041C0F8 /* PBXContainerItemProxy */ = {
			isa = PBXContainerItemProxy;
			containerPortal = 0922D26026FB6E0E0041C0F8 /* Project object */;
			proxyType = 1;
			remoteGlobalIDString = 0922D26726FB6E0E0041C0F8;
			remoteInfo = GitClient;
		};
/* End PBXContainerItemProxy section */

/* Begin PBXFileReference section */
		0922D26826FB6E0E0041C0F8 /* GitClient.app */ = {isa = PBXFileReference; explicitFileType = wrapper.application; includeInIndex = 0; path = GitClient.app; sourceTree = BUILT_PRODUCTS_DIR; };
		0922D26B26FB6E0E0041C0F8 /* AppDelegate.swift */ = {isa = PBXFileReference; lastKnownFileType = sourcecode.swift; path = AppDelegate.swift; sourceTree = "<group>"; };
		0922D26D26FB6E0E0041C0F8 /* SceneDelegate.swift */ = {isa = PBXFileReference; lastKnownFileType = sourcecode.swift; path = SceneDelegate.swift; sourceTree = "<group>"; };
		0922D26F26FB6E0E0041C0F8 /* ViewController.swift */ = {isa = PBXFileReference; lastKnownFileType = sourcecode.swift; path = ViewController.swift; sourceTree = "<group>"; };
		0922D27226FB6E0E0041C0F8 /* Base */ = {isa = PBXFileReference; lastKnownFileType = file.storyboard; name = Base; path = Base.lproj/Main.storyboard; sourceTree = "<group>"; };
		0922D27426FB6E0F0041C0F8 /* Assets.xcassets */ = {isa = PBXFileReference; lastKnownFileType = folder.assetcatalog; path = Assets.xcassets; sourceTree = "<group>"; };
		0922D27726FB6E0F0041C0F8 /* Base */ = {isa = PBXFileReference; lastKnownFileType = file.storyboard; name = Base; path = Base.lproj/LaunchScreen.storyboard; sourceTree = "<group>"; };
		0922D27926FB6E0F0041C0F8 /* Info.plist */ = {isa = PBXFileReference; lastKnownFileType = text.plist.xml; path = Info.plist; sourceTree = "<group>"; };
		0922D27E26FB6E0F0041C0F8 /* GitClientTests.xctest */ = {isa = PBXFileReference; explicitFileType = wrapper.cfbundle; includeInIndex = 0; path = GitClientTests.xctest; sourceTree = BUILT_PRODUCTS_DIR; };
		0922D28226FB6E0F0041C0F8 /* GitClientTests.swift */ = {isa = PBXFileReference; lastKnownFileType = sourcecode.swift; path = GitClientTests.swift; sourceTree = "<group>"; };
		0922D28426FB6E0F0041C0F8 /* Info.plist */ = {isa = PBXFileReference; lastKnownFileType = text.plist.xml; path = Info.plist; sourceTree = "<group>"; };
		0922D28926FB6E0F0041C0F8 /* GitClientUITests.xctest */ = {isa = PBXFileReference; explicitFileType = wrapper.cfbundle; includeInIndex = 0; path = GitClientUITests.xctest; sourceTree = BUILT_PRODUCTS_DIR; };
		0922D28D26FB6E0F0041C0F8 /* GitClientUITests.swift */ = {isa = PBXFileReference; lastKnownFileType = sourcecode.swift; path = GitClientUITests.swift; sourceTree = "<group>"; };
		0922D28F26FB6E0F0041C0F8 /* Info.plist */ = {isa = PBXFileReference; lastKnownFileType = text.plist.xml; path = Info.plist; sourceTree = "<group>"; };
/* End PBXFileReference section */

/* Begin PBXFrameworksBuildPhase section */
		0922D26526FB6E0E0041C0F8 /* Frameworks */ = {
			isa = PBXFrameworksBuildPhase;
			buildActionMask = 2147483647;
			files = (
			);
			runOnlyForDeploymentPostprocessing = 0;
		};
		0922D27B26FB6E0F0041C0F8 /* Frameworks */ = {
			isa = PBXFrameworksBuildPhase;
			buildActionMask = 2147483647;
			files = (
			);
			runOnlyForDeploymentPostprocessing = 0;
		};
		0922D28626FB6E0F0041C0F8 /* Frameworks */ = {
			isa = PBXFrameworksBuildPhase;
			buildActionMask = 2147483647;
			files = (
			);
			runOnlyForDeploymentPostprocessing = 0;
		};
/* End PBXFrameworksBuildPhase section */

/* Begin PBXGroup section */
		0922D25F26FB6E0E0041C0F8 = {
			isa = PBXGroup;
			children = (
				0922D26A26FB6E0E0041C0F8 /* GitClient */,
				0922D28126FB6E0F0041C0F8 /* GitClientTests */,
				0922D28C26FB6E0F0041C0F8 /* GitClientUITests */,
				0922D26926FB6E0E0041C0F8 /* Products */,
			);
			sourceTree = "<group>";
		};
		0922D26926FB6E0E0041C0F8 /* Products */ = {
			isa = PBXGroup;
			children = (
				0922D26826FB6E0E0041C0F8 /* GitClient.app */,
				0922D27E26FB6E0F0041C0F8 /* GitClientTests.xctest */,
				0922D28926FB6E0F0041C0F8 /* GitClientUITests.xctest */,
			);
			name = Products;
			sourceTree = "<group>";
		};
		0922D26A26FB6E0E0041C0F8 /* GitClient */ = {
			isa = PBXGroup;
			children = (
				0922D26B26FB6E0E0041C0F8 /* AppDelegate.swift */,
				0922D26D26FB6E0E0041C0F8 /* SceneDelegate.swift */,
				0922D26F26FB6E0E0041C0F8 /* ViewController.swift */,
				0922D27126FB6E0E0041C0F8 /* Main.storyboard */,
				0922D27426FB6E0F0041C0F8 /* Assets.xcassets */,
				0922D27626FB6E0F0041C0F8 /* LaunchScreen.storyboard */,
				0922D27926FB6E0F0041C0F8 /* Info.plist */,
			);
			path = GitClient;
			sourceTree = "<group>";
		};
		0922D28126FB6E0F0041C0F8 /* GitClientTests */ = {
			isa = PBXGroup;
			children = (
				0922D28226FB6E0F0041C0F8 /* GitClientTests.swift */,
				0922D28426FB6E0F0041C0F8 /* Info.plist */,
			);
			path = GitClientTests;
			sourceTree = "<group>";
		};
		0922D28C26FB6E0F0041C0F8 /* GitClientUITests */ = {
			isa = PBXGroup;
			children = (
				0922D28D26FB6E0F0041C0F8 /* GitClientUITests.swift */,
				0922D28F26FB6E0F0041C0F8 /* Info.plist */,
			);
			path = GitClientUITests;
			sourceTree = "<group>";
		};
/* End PBXGroup section */

/* Begin PBXNativeTarget section */
		0922D26726FB6E0E0041C0F8 /* GitClient */ = {
			isa = PBXNativeTarget;
			buildConfigurationList = 0922D29226FB6E0F0041C0F8 /* Build configuration list for PBXNativeTarget "GitClient" */;
			buildPhases = (
				0922D26426FB6E0E0041C0F8 /* Sources */,
				0922D26526FB6E0E0041C0F8 /* Frameworks */,
				0922D26626FB6E0E0041C0F8 /* Resources */,
			);
			buildRules = (
			);
			dependencies = (
			);
			name = GitClient;
			productName = GitClient;
			productReference = 0922D26826FB6E0E0041C0F8 /* GitClient.app */;
			productType = "com.apple.product-type.application";
		};
		0922D27D26FB6E0F0041C0F8 /* GitClientTests */ = {
			isa = PBXNativeTarget;
			buildConfigurationList = 0922D29526FB6E0F0041C0F8 /* Build configuration list for PBXNativeTarget "GitClientTests" */;
			buildPhases = (
				0922D27A26FB6E0F0041C0F8 /* Sources */,
				0922D27B26FB6E0F0041C0F8 /* Frameworks */,
				0922D27C26FB6E0F0041C0F8 /* Resources */,
			);
			buildRules = (
			);
			dependencies = (
				0922D28026FB6E0F0041C0F8 /* PBXTargetDependency */,
			);
			name = GitClientTests;
			productName = GitClientTests;
			productReference = 0922D27E26FB6E0F0041C0F8 /* GitClientTests.xctest */;
			productType = "com.apple.product-type.bundle.unit-test";
		};
		0922D28826FB6E0F0041C0F8 /* GitClientUITests */ = {
			isa = PBXNativeTarget;
			buildConfigurationList = 0922D29826FB6E0F0041C0F8 /* Build configuration list for PBXNativeTarget "GitClientUITests" */;
			buildPhases = (
				0922D28526FB6E0F0041C0F8 /* Sources */,
				0922D28626FB6E0F0041C0F8 /* Frameworks */,
				0922D28726FB6E0F0041C0F8 /* Resources */,
			);
			buildRules = (
			);
			dependencies = (
				0922D28B26FB6E0F0041C0F8 /* PBXTargetDependency */,
			);
			name = GitClientUITests;
			productName = GitClientUITests;
			productReference = 0922D28926FB6E0F0041C0F8 /* GitClientUITests.xctest */;
			productType = "com.apple.product-type.bundle.ui-testing";
		};
/* End PBXNativeTarget section */

/* Begin PBXProject section */
		0922D26026FB6E0E0041C0F8 /* Project object */ = {
			isa = PBXProject;
			attributes = {
				LastSwiftUpdateCheck = 1250;
				LastUpgradeCheck = 1250;
				TargetAttributes = {
					0922D26726FB6E0E0041C0F8 = {
						CreatedOnToolsVersion = 12.5;
					};
					0922D27D26FB6E0F0041C0F8 = {
						CreatedOnToolsVersion = 12.5;
						TestTargetID = 0922D26726FB6E0E0041C0F8;
					};
					0922D28826FB6E0F0041C0F8 = {
						CreatedOnToolsVersion = 12.5;
						TestTargetID = 0922D26726FB6E0E0041C0F8;
					};
				};
			};
			buildConfigurationList = 0922D26326FB6E0E0041C0F8 /* Build configuration list for PBXProject "GitClient" */;
			compatibilityVersion = "Xcode 9.3";
			developmentRegion = en;
			hasScannedForEncodings = 0;
			knownRegions = (
				en,
				Base,
			);
			mainGroup = 0922D25F26FB6E0E0041C0F8;
			productRefGroup = 0922D26926FB6E0E0041C0F8 /* Products */;
			projectDirPath = "";
			projectRoot = "";
			targets = (
				0922D26726FB6E0E0041C0F8 /* GitClient */,
				0922D27D26FB6E0F0041C0F8 /* GitClientTests */,
				0922D28826FB6E0F0041C0F8 /* GitClientUITests */,
			);
		};
/* End PBXProject section */

/* Begin PBXResourcesBuildPhase section */
		0922D26626FB6E0E0041C0F8 /* Resources */ = {
			isa = PBXResourcesBuildPhase;
			buildActionMask = 2147483647;
			files = (
				0922D27826FB6E0F0041C0F8 /* LaunchScreen.storyboard in Resources */,
				0922D27526FB6E0F0041C0F8 /* Assets.xcassets in Resources */,
				0922D27326FB6E0E0041C0F8 /* Main.storyboard in Resources */,
			);
			runOnlyForDeploymentPostprocessing = 0;
		};
		0922D27C26FB6E0F0041C0F8 /* Resources */ = {
			isa = PBXResourcesBuildPhase;
			buildActionMask = 2147483647;
			files = (
			);
			runOnlyForDeploymentPostprocessing = 0;
		};
		0922D28726FB6E0F0041C0F8 /* Resources */ = {
			isa = PBXResourcesBuildPhase;
			buildActionMask = 2147483647;
			files = (
			);
			runOnlyForDeploymentPostprocessing = 0;
		};
/* End PBXResourcesBuildPhase section */

/* Begin PBXSourcesBuildPhase section */
		0922D26426FB6E0E0041C0F8 /* Sources */ = {
			isa = PBXSourcesBuildPhase;
			buildActionMask = 2147483647;
			files = (
				0922D27026FB6E0E0041C0F8 /* ViewController.swift in Sources */,
				0922D26C26FB6E0E0041C0F8 /* AppDelegate.swift in Sources */,
				0922D26E26FB6E0E0041C0F8 /* SceneDelegate.swift in Sources */,
			);
			runOnlyForDeploymentPostprocessing = 0;
		};
		0922D27A26FB6E0F0041C0F8 /* Sources */ = {
			isa = PBXSourcesBuildPhase;
			buildActionMask = 2147483647;
			files = (
				0922D28326FB6E0F0041C0F8 /* GitClientTests.swift in Sources */,
			);
			runOnlyForDeploymentPostprocessing = 0;
		};
		0922D28526FB6E0F0041C0F8 /* Sources */ = {
			isa = PBXSourcesBuildPhase;
			buildActionMask = 2147483647;
			files = (
				0922D28E26FB6E0F0041C0F8 /* GitClientUITests.swift in Sources */,
			);
			runOnlyForDeploymentPostprocessing = 0;
		};
/* End PBXSourcesBuildPhase section */

/* Begin PBXTargetDependency section */
		0922D28026FB6E0F0041C0F8 /* PBXTargetDependency */ = {
			isa = PBXTargetDependency;
			target = 0922D26726FB6E0E0041C0F8 /* GitClient */;
			targetProxy = 0922D27F26FB6E0F0041C0F8 /* PBXContainerItemProxy */;
		};
		0922D28B26FB6E0F0041C0F8 /* PBXTargetDependency */ = {
			isa = PBXTargetDependency;
			target = 0922D26726FB6E0E0041C0F8 /* GitClient */;
			targetProxy = 0922D28A26FB6E0F0041C0F8 /* PBXContainerItemProxy */;
		};
/* End PBXTargetDependency section */

/* Begin PBXVariantGroup section */
		0922D27126FB6E0E0041C0F8 /* Main.storyboard */ = {
			isa = PBXVariantGroup;
			children = (
				0922D27226FB6E0E0041C0F8 /* Base */,
			);
			name = Main.storyboard;
			sourceTree = "<group>";
		};
		0922D27626FB6E0F0041C0F8 /* LaunchScreen.storyboard */ = {
			isa = PBXVariantGroup;
			children = (
				0922D27726FB6E0F0041C0F8 /* Base */,
			);
			name = LaunchScreen.storyboard;
			sourceTree = "<group>";
		};
/* End PBXVariantGroup section */

/* Begin XCBuildConfiguration section */
		0922D29026FB6E0F0041C0F8 /* Debug */ = {
			isa = XCBuildConfiguration;
			buildSettings = {
				ALWAYS_SEARCH_USER_PATHS = NO;
				CLANG_ANALYZER_NONNULL = YES;
				CLANG_ANALYZER_NUMBER_OBJECT_CONVERSION = YES_AGGRESSIVE;
				CLANG_CXX_LANGUAGE_STANDARD = "gnu++14";
				CLANG_CXX_LIBRARY = "libc++";
				CLANG_ENABLE_MODULES = YES;
				CLANG_ENABLE_OBJC_ARC = YES;
				CLANG_ENABLE_OBJC_WEAK = YES;
				CLANG_WARN_BLOCK_CAPTURE_AUTORELEASING = YES;
				CLANG_WARN_BOOL_CONVERSION = YES;
				CLANG_WARN_COMMA = YES;
				CLANG_WARN_CONSTANT_CONVERSION = YES;
				CLANG_WARN_DEPRECATED_OBJC_IMPLEMENTATIONS = YES;
				CLANG_WARN_DIRECT_OBJC_ISA_USAGE = YES_ERROR;
				CLANG_WARN_DOCUMENTATION_COMMENTS = YES;
				CLANG_WARN_EMPTY_BODY = YES;
				CLANG_WARN_ENUM_CONVERSION = YES;
				CLANG_WARN_INFINITE_RECURSION = YES;
				CLANG_WARN_INT_CONVERSION = YES;
				CLANG_WARN_NON_LITERAL_NULL_CONVERSION = YES;
				CLANG_WARN_OBJC_IMPLICIT_RETAIN_SELF = YES;
				CLANG_WARN_OBJC_LITERAL_CONVERSION = YES;
				CLANG_WARN_OBJC_ROOT_CLASS = YES_ERROR;
				CLANG_WARN_QUOTED_INCLUDE_IN_FRAMEWORK_HEADER = YES;
				CLANG_WARN_RANGE_LOOP_ANALYSIS = YES;
				CLANG_WARN_STRICT_PROTOTYPES = YES;
				CLANG_WARN_SUSPICIOUS_MOVE = YES;
				CLANG_WARN_UNGUARDED_AVAILABILITY = YES_AGGRESSIVE;
				CLANG_WARN_UNREACHABLE_CODE = YES;
				CLANG_WARN__DUPLICATE_METHOD_MATCH = YES;
				COPY_PHASE_STRIP = NO;
				DEBUG_INFORMATION_FORMAT = dwarf;
				ENABLE_STRICT_OBJC_MSGSEND = YES;
				ENABLE_TESTABILITY = YES;
				GCC_C_LANGUAGE_STANDARD = gnu11;
				GCC_DYNAMIC_NO_PIC = NO;
				GCC_NO_COMMON_BLOCKS = YES;
				GCC_OPTIMIZATION_LEVEL = 0;
				GCC_PREPROCESSOR_DEFINITIONS = (
					"DEBUG=1",
					"$(inherited)",
				);
				GCC_WARN_64_TO_32_BIT_CONVERSION = YES;
				GCC_WARN_ABOUT_RETURN_TYPE = YES_ERROR;
				GCC_WARN_UNDECLARED_SELECTOR = YES;
				GCC_WARN_UNINITIALIZED_AUTOS = YES_AGGRESSIVE;
				GCC_WARN_UNUSED_FUNCTION = YES;
				GCC_WARN_UNUSED_VARIABLE = YES;
				IPHONEOS_DEPLOYMENT_TARGET = 14.5;
				MTL_ENABLE_DEBUG_INFO = INCLUDE_SOURCE;
				MTL_FAST_MATH = YES;
				ONLY_ACTIVE_ARCH = YES;
				SDKROOT = iphoneos;
				SWIFT_ACTIVE_COMPILATION_CONDITIONS = DEBUG;
				SWIFT_OPTIMIZATION_LEVEL = "-Onone";
			};
			name = Debug;
		};
		0922D29126FB6E0F0041C0F8 /* Release */ = {
			isa = XCBuildConfiguration;
			buildSettings = {
				ALWAYS_SEARCH_USER_PATHS = NO;
				CLANG_ANALYZER_NONNULL = YES;
				CLANG_ANALYZER_NUMBER_OBJECT_CONVERSION = YES_AGGRESSIVE;
				CLANG_CXX_LANGUAGE_STANDARD = "gnu++14";
				CLANG_CXX_LIBRARY = "libc++";
				CLANG_ENABLE_MODULES = YES;
				CLANG_ENABLE_OBJC_ARC = YES;
				CLANG_ENABLE_OBJC_WEAK = YES;
				CLANG_WARN_BLOCK_CAPTURE_AUTORELEASING = YES;
				CLANG_WARN_BOOL_CONVERSION = YES;
				CLANG_WARN_COMMA = YES;
				CLANG_WARN_CONSTANT_CONVERSION = YES;
				CLANG_WARN_DEPRECATED_OBJC_IMPLEMENTATIONS = YES;
				CLANG_WARN_DIRECT_OBJC_ISA_USAGE = YES_ERROR;
				CLANG_WARN_DOCUMENTATION_COMMENTS = YES;
				CLANG_WARN_EMPTY_BODY = YES;
				CLANG_WARN_ENUM_CONVERSION = YES;
				CLANG_WARN_INFINITE_RECURSION = YES;
				CLANG_WARN_INT_CONVERSION = YES;
				CLANG_WARN_NON_LITERAL_NULL_CONVERSION = YES;
				CLANG_WARN_OBJC_IMPLICIT_RETAIN_SELF = YES;
				CLANG_WARN_OBJC_LITERAL_CONVERSION = YES;
				CLANG_WARN_OBJC_ROOT_CLASS = YES_ERROR;
				CLANG_WARN_QUOTED_INCLUDE_IN_FRAMEWORK_HEADER = YES;
				CLANG_WARN_RANGE_LOOP_ANALYSIS = YES;
				CLANG_WARN_STRICT_PROTOTYPES = YES;
				CLANG_WARN_SUSPICIOUS_MOVE = YES;
				CLANG_WARN_UNGUARDED_AVAILABILITY = YES_AGGRESSIVE;
				CLANG_WARN_UNREACHABLE_CODE = YES;
				CLANG_WARN__DUPLICATE_METHOD_MATCH = YES;
				COPY_PHASE_STRIP = NO;
				DEBUG_INFORMATION_FORMAT = "dwarf-with-dsym";
				ENABLE_NS_ASSERTIONS = NO;
				ENABLE_STRICT_OBJC_MSGSEND = YES;
				GCC_C_LANGUAGE_STANDARD = gnu11;
				GCC_NO_COMMON_BLOCKS = YES;
				GCC_WARN_64_TO_32_BIT_CONVERSION = YES;
				GCC_WARN_ABOUT_RETURN_TYPE = YES_ERROR;
				GCC_WARN_UNDECLARED_SELECTOR = YES;
				GCC_WARN_UNINITIALIZED_AUTOS = YES_AGGRESSIVE;
				GCC_WARN_UNUSED_FUNCTION = YES;
				GCC_WARN_UNUSED_VARIABLE = YES;
				IPHONEOS_DEPLOYMENT_TARGET = 14.5;
				MTL_ENABLE_DEBUG_INFO = NO;
				MTL_FAST_MATH = YES;
				SDKROOT = iphoneos;
				SWIFT_COMPILATION_MODE = wholemodule;
				SWIFT_OPTIMIZATION_LEVEL = "-O";
				VALIDATE_PRODUCT = YES;
			};
			name = Release;
		};
		0922D29326FB6E0F0041C0F8 /* Debug */ = {
			isa = XCBuildConfiguration;
			buildSettings = {
				ASSETCATALOG_COMPILER_APPICON_NAME = AppIcon;
				ASSETCATALOG_COMPILER_GLOBAL_ACCENT_COLOR_NAME = AccentColor;
				CODE_SIGN_STYLE = Automatic;
				DEVELOPMENT_TEAM = 2A7E3G2ZY9;
				INFOPLIST_FILE = GitClient/Info.plist;
				LD_RUNPATH_SEARCH_PATHS = (
					"$(inherited)",
					"@executable_path/Frameworks",
				);
				PRODUCT_BUNDLE_IDENTIFIER = com.organization.GitClient;
				PRODUCT_NAME = "$(TARGET_NAME)";
				SWIFT_VERSION = 5.0;
				TARGETED_DEVICE_FAMILY = "1,2";
			};
			name = Debug;
		};
		0922D29426FB6E0F0041C0F8 /* Release */ = {
			isa = XCBuildConfiguration;
			buildSettings = {
				ASSETCATALOG_COMPILER_APPICON_NAME = AppIcon;
				ASSETCATALOG_COMPILER_GLOBAL_ACCENT_COLOR_NAME = AccentColor;
				CODE_SIGN_STYLE = Automatic;
				DEVELOPMENT_TEAM = 2A7E3G2ZY9;
				INFOPLIST_FILE = GitClient/Info.plist;
				LD_RUNPATH_SEARCH_PATHS = (
					"$(inherited)",
					"@executable_path/Frameworks",
				);
				PRODUCT_BUNDLE_IDENTIFIER = com.organization.GitClient;
				PRODUCT_NAME = "$(TARGET_NAME)";
				SWIFT_VERSION = 5.0;
				TARGETED_DEVICE_FAMILY = "1,2";
			};
			name = Release;
		};
		0922D29626FB6E0F0041C0F8 /* Debug */ = {
			isa = XCBuildConfiguration;
			buildSettings = {
				ALWAYS_EMBED_SWIFT_STANDARD_LIBRARIES = YES;
				BUNDLE_LOADER = "$(TEST_HOST)";
				CODE_SIGN_STYLE = Automatic;
				DEVELOPMENT_TEAM = 2A7E3G2ZY9;
				INFOPLIST_FILE = GitClientTests/Info.plist;
				IPHONEOS_DEPLOYMENT_TARGET = 14.5;
				LD_RUNPATH_SEARCH_PATHS = (
					"$(inherited)",
					"@executable_path/Frameworks",
					"@loader_path/Frameworks",
				);
				PRODUCT_BUNDLE_IDENTIFIER = com.organization.GitClientTests;
				PRODUCT_NAME = "$(TARGET_NAME)";
				SWIFT_VERSION = 5.0;
				TARGETED_DEVICE_FAMILY = "1,2";
				TEST_HOST = "$(BUILT_PRODUCTS_DIR)/GitClient.app/GitClient";
			};
			name = Debug;
		};
		0922D29726FB6E0F0041C0F8 /* Release */ = {
			isa = XCBuildConfiguration;
			buildSettings = {
				ALWAYS_EMBED_SWIFT_STANDARD_LIBRARIES = YES;
				BUNDLE_LOADER = "$(TEST_HOST)";
				CODE_SIGN_STYLE = Automatic;
				DEVELOPMENT_TEAM = 2A7E3G2ZY9;
				INFOPLIST_FILE = GitClientTests/Info.plist;
				IPHONEOS_DEPLOYMENT_TARGET = 14.5;
				LD_RUNPATH_SEARCH_PATHS = (
					"$(inherited)",
					"@executable_path/Frameworks",
					"@loader_path/Frameworks",
				);
				PRODUCT_BUNDLE_IDENTIFIER = com.organization.GitClientTests;
				PRODUCT_NAME = "$(TARGET_NAME)";
				SWIFT_VERSION = 5.0;
				TARGETED_DEVICE_FAMILY = "1,2";
				TEST_HOST = "$(BUILT_PRODUCTS_DIR)/GitClient.app/GitClient";
			};
			name = Release;
		};
		0922D29926FB6E0F0041C0F8 /* Debug */ = {
			isa = XCBuildConfiguration;
			buildSettings = {
				ALWAYS_EMBED_SWIFT_STANDARD_LIBRARIES = YES;
				CODE_SIGN_STYLE = Automatic;
				DEVELOPMENT_TEAM = 2A7E3G2ZY9;
				INFOPLIST_FILE = GitClientUITests/Info.plist;
				LD_RUNPATH_SEARCH_PATHS = (
					"$(inherited)",
					"@executable_path/Frameworks",
					"@loader_path/Frameworks",
				);
				PRODUCT_BUNDLE_IDENTIFIER = com.organization.GitClientUITests;
				PRODUCT_NAME = "$(TARGET_NAME)";
				SWIFT_VERSION = 5.0;
				TARGETED_DEVICE_FAMILY = "1,2";
				TEST_TARGET_NAME = GitClient;
			};
			name = Debug;
		};
		0922D29A26FB6E0F0041C0F8 /* Release */ = {
			isa = XCBuildConfiguration;
			buildSettings = {
				ALWAYS_EMBED_SWIFT_STANDARD_LIBRARIES = YES;
				CODE_SIGN_STYLE = Automatic;
				DEVELOPMENT_TEAM = 2A7E3G2ZY9;
				INFOPLIST_FILE = GitClientUITests/Info.plist;
				LD_RUNPATH_SEARCH_PATHS = (
					"$(inherited)",
					"@executable_path/Frameworks",
					"@loader_path/Frameworks",
				);
				PRODUCT_BUNDLE_IDENTIFIER = com.organization.GitClientUITests;
				PRODUCT_NAME = "$(TARGET_NAME)";
				SWIFT_VERSION = 5.0;
				TARGETED_DEVICE_FAMILY = "1,2";
				TEST_TARGET_NAME = GitClient;
			};
			name = Release;
		};
/* End XCBuildConfiguration section */

/* Begin XCConfigurationList section */
		0922D26326FB6E0E0041C0F8 /* Build configuration list for PBXProject "GitClient" */ = {
			isa = XCConfigurationList;
			buildConfigurations = (
				0922D29026FB6E0F0041C0F8 /* Debug */,
				0922D29126FB6E0F0041C0F8 /* Release */,
			);
			defaultConfigurationIsVisible = 0;
			defaultConfigurationName = Release;
		};
		0922D29226FB6E0F0041C0F8 /* Build configuration list for PBXNativeTarget "GitClient" */ = {
			isa = XCConfigurationList;
			buildConfigurations = (
				0922D29326FB6E0F0041C0F8 /* Debug */,
				0922D29426FB6E0F0041C0F8 /* Release */,
			);
			defaultConfigurationIsVisible = 0;
			defaultConfigurationName = Release;
		};
		0922D29526FB6E0F0041C0F8 /* Build configuration list for PBXNativeTarget "GitClientTests" */ = {
			isa = XCConfigurationList;
			buildConfigurations = (
				0922D29626FB6E0F0041C0F8 /* Debug */,
				0922D29726FB6E0F0041C0F8 /* Release */,
			);
			defaultConfigurationIsVisible = 0;
			defaultConfigurationName = Release;
		};
		0922D29826FB6E0F0041C0F8 /* Build configuration list for PBXNativeTarget "GitClientUITests" */ = {
			isa = XCConfigurationList;
			buildConfigurations = (
				0922D29926FB6E0F0041C0F8 /* Debug */,
				0922D29A26FB6E0F0041C0F8 /* Release */,
			);
			defaultConfigurationIsVisible = 0;
			defaultConfigurationName = Release;
		};
/* End XCConfigurationList section */
	};
	rootObject = 0922D26026FB6E0E0041C0F8 /* Project object */;
}
